
Microsoft Visual Studio Solution File, Format Version 12.00
# Visual Studio Version 17
VisualStudioVersion = 17.5.33516.290
MinimumVisualStudioVersion = 10.0.40219.1
Project("{FAE04EC0-301F-11D3-BF4B-00C04F79EFBC}") = "pdv", "pdv.csproj", "{77FDB118-485B-4AB7-AD0C-AE78A983C86F}"
EndProject
Global
	GlobalSection(SolutionConfigurationPlatforms) = preSolution
		Debug|Any CPU = Debug|Any CPU
		Release|Any CPU = Release|Any CPU
	EndGlobalSection
	GlobalSection(ProjectConfigurationPlatforms) = postSolution
		{77FDB118-485B-4AB7-AD0C-AE78A983C86F}.Debug|Any CPU.ActiveCfg = Debug|Any CPU
		{77FDB118-485B-4AB7-AD0C-AE78A983C86F}.Debug|Any CPU.Build.0 = Debug|Any CPU
		{77FDB118-485B-4AB7-AD0C-AE78A983C86F}.Release|Any CPU.ActiveCfg = Release|Any CPU
		{77FDB118-485B-4AB7-AD0C-AE78A983C86F}.Release|Any CPU.Build.0 = Release|Any CPU
	EndGlobalSection
	GlobalSection(SolutionProperties) = preSolution
		HideSolutionNode = FALSE
	EndGlobalSection
	GlobalSection(ExtensibilityGlobals) = postSolution
		SolutionGuid = {A23EC26D-4690-4B58-AF70-B6E457157796}
	EndGlobalSection
EndGlobal
